
Microsoft Visual Studio Solution File, Format Version 12.00
# Visual Studio Version 17
VisualStudioVersion = 17.13.35825.156 d17.13
MinimumVisualStudioVersion = 10.0.40219.1
Project("{FAE04EC0-301F-11D3-BF4B-00C04F79EFBC}") = "Project_Japan", "Project_Japan.csproj", "{374EB853-D9C2-44B9-8E7B-4F262B96DE1D}"
EndProject
Global
	GlobalSection(SolutionConfigurationPlatforms) = preSolution
		Debug|Any CPU = Debug|Any CPU
		Release|Any CPU = Release|Any CPU
	EndGlobalSection
	GlobalSection(ProjectConfigurationPlatforms) = postSolution
		{374EB853-D9C2-44B9-8E7B-4F262B96DE1D}.Debug|Any CPU.ActiveCfg = Debug|Any CPU
		{374EB853-D9C2-44B9-8E7B-4F262B96DE1D}.Debug|Any CPU.Build.0 = Debug|Any CPU
		{374EB853-D9C2-44B9-8E7B-4F262B96DE1D}.Release|Any CPU.ActiveCfg = Release|Any CPU
		{374EB853-D9C2-44B9-8E7B-4F262B96DE1D}.Release|Any CPU.Build.0 = Release|Any CPU
	EndGlobalSection
	GlobalSection(SolutionProperties) = preSolution
		HideSolutionNode = FALSE
	EndGlobalSection
	GlobalSection(ExtensibilityGlobals) = postSolution
		SolutionGuid = {7CCD9897-0F53-4C44-9F55-09DE9B4A7386}
	EndGlobalSection
EndGlobal
